
Microsoft Visual Studio Solution File, Format Version 12.00
# Visual Studio Version 17
VisualStudioVersion = 17.7.34003.232
MinimumVisualStudioVersion = 10.0.40219.1
Project("{FAE04EC0-301F-11D3-BF4B-00C04F79EFBC}") = "hello-world", "hello-world\hello-world.csproj", "{1713E826-5A3D-4424-93FA-229AD95F9C1A}"
EndProject
Global
	GlobalSection(SolutionConfigurationPlatforms) = preSolution
		Debug|Any CPU = Debug|Any CPU
		Release|Any CPU = Release|Any CPU
	EndGlobalSection
	GlobalSection(ProjectConfigurationPlatforms) = postSolution
		{1713E826-5A3D-4424-93FA-229AD95F9C1A}.Debug|Any CPU.ActiveCfg = Debug|Any CPU
		{1713E826-5A3D-4424-93FA-229AD95F9C1A}.Debug|Any CPU.Build.0 = Debug|Any CPU
		{1713E826-5A3D-4424-93FA-229AD95F9C1A}.Release|Any CPU.ActiveCfg = Release|Any CPU
		{1713E826-5A3D-4424-93FA-229AD95F9C1A}.Release|Any CPU.Build.0 = Release|Any CPU
	EndGlobalSection
	GlobalSection(SolutionProperties) = preSolution
		HideSolutionNode = FALSE
	EndGlobalSection
	GlobalSection(ExtensibilityGlobals) = postSolution
		SolutionGuid = {241ED48C-F3A4-45CD-AF5B-898115BDF49C}
	EndGlobalSection
EndGlobal
